{
    "_readme": [
        "This file locks the dependencies of your project to a known state",
        "Read more about it at https://getcomposer.org/doc/01-basic-usage.md#composer-lock-the-lock-file",
        "This file is @generated automatically"
    ],
    "content-hash": "0250e2ea322aa6b477ee864cb7db688c",
    "packages": [
        {
            "name": "wpscholar/templatex",
            "version": "1.0",
            "source": {
                "type": "git",
                "url": "https://github.com/wpscholar/templatex.git",
                "reference": "aebb9c5e1886df262e3613d1bb74b63247794ac9"
            },
            "dist": {
                "type": "zip",
                "url": "https://api.github.com/repos/wpscholar/templatex/zipball/aebb9c5e1886df262e3613d1bb74b63247794ac9",
                "reference": "aebb9c5e1886df262e3613d1bb74b63247794ac9",
                "shasum": ""
            },
            "type": "library",
            "autoload": {
                "psr-4": {
                    "wpscholar\\": ""
                }
            },
            "notification-url": "https://packagist.org/downloads/",
            "license": [
                "Unlicense"
            ],
            "authors": [
                {
                    "name": "Micah Wood",
                    "email": "micah@wpscholar.com"
                }
            ],
            "description": "A simple, micro template engine for PHP",
            "time": "2017-11-09T20:11:25+00:00"
        }
    ],
    "packages-dev": [],
    "aliases": [],
    "minimum-stability": "stable",
    "stability-flags": [],
    "prefer-stable": false,
    "prefer-lowest": false,
    "platform": [],
    "platform-dev": []
}
