{
    "_readme": [
        "This file locks the dependencies of your project to a known state",
        "Read more about it at https://getcomposer.org/doc/01-basic-usage.md#composer-lock-the-lock-file",
        "This file is @generated automatically"
    ],
    "content-hash": "7cbbf4e77a69e7162539103598678d36",
    "packages": [
        {
            "name": "wpscholar/templatex",
            "version": "1.2",
            "source": {
                "type": "git",
                "url": "https://github.com/wpscholar/templatex.git",
                "reference": "aa1156a85ae1e59eb19fa82790b6298e534ec054"
            },
            "dist": {
                "type": "zip",
                "url": "https://api.github.com/repos/wpscholar/templatex/zipball/aa1156a85ae1e59eb19fa82790b6298e534ec054",
                "reference": "aa1156a85ae1e59eb19fa82790b6298e534ec054",
                "shasum": ""
            },
            "type": "library",
            "autoload": {
                "psr-4": {
                    "wpscholar\\": ""
                }
            },
            "notification-url": "https://packagist.org/downloads/",
            "license": [
                "Unlicense"
            ],
            "authors": [
                {
                    "name": "Micah Wood",
                    "email": "micah@wpscholar.com"
                }
            ],
            "description": "A simple, micro template engine for PHP",
            "time": "2018-01-29T17:18:49+00:00"
        }
    ],
    "packages-dev": [],
    "aliases": [],
    "minimum-stability": "stable",
    "stability-flags": [],
    "prefer-stable": false,
    "prefer-lowest": false,
    "platform": [],
    "platform-dev": []
}
